
Microsoft Visual Studio Solution File, Format Version 12.00
# Visual Studio Version 17
VisualStudioVersion = 17.13.35825.156
MinimumVisualStudioVersion = 10.0.40219.1
Project("{FAE04EC0-301F-11D3-BF4B-00C04F79EFBC}") = "WebWorker", "WebWorker\WebWorker.csproj", "{40D27C37-1231-4582-A68D-2CB37DBD2C6F}"
EndProject
Project("{FAE04EC0-301F-11D3-BF4B-00C04F79EFBC}") = "WebWorker.BLL", "WebWorker.BLL\WebWorker.BLL.csproj", "{58513010-CA7F-4331-9D73-FFB3ABDCAA93}"
EndProject
Project("{FAE04EC0-301F-11D3-BF4B-00C04F79EFBC}") = "WebWorker.DAL", "WebWorker.DAL\WebWorker.DAL.csproj", "{7FF76616-BD08-4002-8698-0A2AC39200FD}"
EndProject
Global
	GlobalSection(SolutionConfigurationPlatforms) = preSolution
		Debug|Any CPU = Debug|Any CPU
		Release|Any CPU = Release|Any CPU
	EndGlobalSection
	GlobalSection(ProjectConfigurationPlatforms) = postSolution
		{40D27C37-1231-4582-A68D-2CB37DBD2C6F}.Debug|Any CPU.ActiveCfg = Debug|Any CPU
		{40D27C37-1231-4582-A68D-2CB37DBD2C6F}.Debug|Any CPU.Build.0 = Debug|Any CPU
		{40D27C37-1231-4582-A68D-2CB37DBD2C6F}.Release|Any CPU.ActiveCfg = Release|Any CPU
		{40D27C37-1231-4582-A68D-2CB37DBD2C6F}.Release|Any CPU.Build.0 = Release|Any CPU
		{58513010-CA7F-4331-9D73-FFB3ABDCAA93}.Debug|Any CPU.ActiveCfg = Debug|Any CPU
		{58513010-CA7F-4331-9D73-FFB3ABDCAA93}.Debug|Any CPU.Build.0 = Debug|Any CPU
		{58513010-CA7F-4331-9D73-FFB3ABDCAA93}.Release|Any CPU.ActiveCfg = Release|Any CPU
		{58513010-CA7F-4331-9D73-FFB3ABDCAA93}.Release|Any CPU.Build.0 = Release|Any CPU
		{7FF76616-BD08-4002-8698-0A2AC39200FD}.Debug|Any CPU.ActiveCfg = Debug|Any CPU
		{7FF76616-BD08-4002-8698-0A2AC39200FD}.Debug|Any CPU.Build.0 = Debug|Any CPU
		{7FF76616-BD08-4002-8698-0A2AC39200FD}.Release|Any CPU.ActiveCfg = Release|Any CPU
		{7FF76616-BD08-4002-8698-0A2AC39200FD}.Release|Any CPU.Build.0 = Release|Any CPU
	EndGlobalSection
	GlobalSection(SolutionProperties) = preSolution
		HideSolutionNode = FALSE
	EndGlobalSection
	GlobalSection(ExtensibilityGlobals) = postSolution
		SolutionGuid = {4736DCD0-C4A7-4CFD-8801-94A7B4A1DB47}
	EndGlobalSection
EndGlobal
